
Microsoft Visual Studio Solution File, Format Version 12.00
# Visual Studio Version 16
VisualStudioVersion = 16.0.30804.86
MinimumVisualStudioVersion = 10.0.40219.1
Project("{9A19103F-16F7-4668-BE54-9A1E7A4F7556}") = "CommonBase", "CommonBase\CommonBase.csproj", "{6E5682D7-8808-494A-B5A8-967C08359675}"
EndProject
Project("{9A19103F-16F7-4668-BE54-9A1E7A4F7556}") = "SmartNQuick.Contracts", "SmartNQuick.Contracts\SmartNQuick.Contracts.csproj", "{23A5DC75-4552-40B5-82EB-7DA848D90642}"
EndProject
Project("{9A19103F-16F7-4668-BE54-9A1E7A4F7556}") = "SmartNQuick.Logic", "SmartNQuick.Logic\SmartNQuick.Logic.csproj", "{A9440EED-DE9D-4934-9C50-3E6140A1FE0C}"
EndProject
Project("{FAE04EC0-301F-11D3-BF4B-00C04F79EFBC}") = "SmartNQuick.ConApp", "SmartNQuick.ConApp\SmartNQuick.ConApp.csproj", "{26945084-68EB-4BBA-A8B2-8998412180B2}"
EndProject
Global
	GlobalSection(SolutionConfigurationPlatforms) = preSolution
		Debug|Any CPU = Debug|Any CPU
		Release|Any CPU = Release|Any CPU
	EndGlobalSection
	GlobalSection(ProjectConfigurationPlatforms) = postSolution
		{6E5682D7-8808-494A-B5A8-967C08359675}.Debug|Any CPU.ActiveCfg = Debug|Any CPU
		{6E5682D7-8808-494A-B5A8-967C08359675}.Debug|Any CPU.Build.0 = Debug|Any CPU
		{6E5682D7-8808-494A-B5A8-967C08359675}.Release|Any CPU.ActiveCfg = Release|Any CPU
		{6E5682D7-8808-494A-B5A8-967C08359675}.Release|Any CPU.Build.0 = Release|Any CPU
		{23A5DC75-4552-40B5-82EB-7DA848D90642}.Debug|Any CPU.ActiveCfg = Debug|Any CPU
		{23A5DC75-4552-40B5-82EB-7DA848D90642}.Debug|Any CPU.Build.0 = Debug|Any CPU
		{23A5DC75-4552-40B5-82EB-7DA848D90642}.Release|Any CPU.ActiveCfg = Release|Any CPU
		{23A5DC75-4552-40B5-82EB-7DA848D90642}.Release|Any CPU.Build.0 = Release|Any CPU
		{A9440EED-DE9D-4934-9C50-3E6140A1FE0C}.Debug|Any CPU.ActiveCfg = Debug|Any CPU
		{A9440EED-DE9D-4934-9C50-3E6140A1FE0C}.Debug|Any CPU.Build.0 = Debug|Any CPU
		{A9440EED-DE9D-4934-9C50-3E6140A1FE0C}.Release|Any CPU.ActiveCfg = Release|Any CPU
		{A9440EED-DE9D-4934-9C50-3E6140A1FE0C}.Release|Any CPU.Build.0 = Release|Any CPU
		{26945084-68EB-4BBA-A8B2-8998412180B2}.Debug|Any CPU.ActiveCfg = Debug|Any CPU
		{26945084-68EB-4BBA-A8B2-8998412180B2}.Debug|Any CPU.Build.0 = Debug|Any CPU
		{26945084-68EB-4BBA-A8B2-8998412180B2}.Release|Any CPU.ActiveCfg = Release|Any CPU
		{26945084-68EB-4BBA-A8B2-8998412180B2}.Release|Any CPU.Build.0 = Release|Any CPU
	EndGlobalSection
	GlobalSection(SolutionProperties) = preSolution
		HideSolutionNode = FALSE
	EndGlobalSection
	GlobalSection(ExtensibilityGlobals) = postSolution
		SolutionGuid = {6F523734-8DFB-4A70-85F5-367D2FD6FC7F}
	EndGlobalSection
EndGlobal
